// !$*UTF8*$!
{
	archiveVersion = 1;
	classes = {
	};
	objectVersion = 48;
	objects = {

/* Begin PBXBuildFile section */
		F535208D2015D439004455F9 /* AppDelegate.swift in Sources */ = {isa = PBXBuildFile; fileRef = F535208C2015D439004455F9 /* AppDelegate.swift */; };
		F535208F2015D439004455F9 /* ViewController.swift in Sources */ = {isa = PBXBuildFile; fileRef = F535208E2015D439004455F9 /* ViewController.swift */; };
		F53520922015D439004455F9 /* Main.storyboard in Resources */ = {isa = PBXBuildFile; fileRef = F53520902015D439004455F9 /* Main.storyboard */; };
		F53520942015D439004455F9 /* Assets.xcassets in Resources */ = {isa = PBXBuildFile; fileRef = F53520932015D439004455F9 /* Assets.xcassets */; };
		F53520972015D439004455F9 /* LaunchScreen.storyboard in Resources */ = {isa = PBXBuildFile; fileRef = F53520952015D439004455F9 /* LaunchScreen.storyboard */; };
		F53520A12015DB3E004455F9 /* fat.png in Resources */ = {isa = PBXBuildFile; fileRef = F535209E2015DB3D004455F9 /* fat.png */; };
		F53520A22015DB3E004455F9 /* middle.png in Resources */ = {isa = PBXBuildFile; fileRef = F535209F2015DB3D004455F9 /* middle.png */; };
		F53520A32015DB3E004455F9 /* thin.png in Resources */ = {isa = PBXBuildFile; fileRef = F53520A02015DB3D004455F9 /* thin.png */; };
/* End PBXBuildFile section */

/* Begin PBXFileReference section */
		F53520892015D439004455F9 /* ios_practice.app */ = {isa = PBXFileReference; explicitFileType = wrapper.application; includeInIndex = 0; path = ios_practice.app; sourceTree = BUILT_PRODUCTS_DIR; };
		F535208C2015D439004455F9 /* AppDelegate.swift */ = {isa = PBXFileReference; lastKnownFileType = sourcecode.swift; path = AppDelegate.swift; sourceTree = "<group>"; };
		F535208E2015D439004455F9 /* ViewController.swift */ = {isa = PBXFileReference; lastKnownFileType = sourcecode.swift; path = ViewController.swift; sourceTree = "<group>"; };
		F53520912015D439004455F9 /* Base */ = {isa = PBXFileReference; lastKnownFileType = file.storyboard; name = Base; path = Base.lproj/Main.storyboard; sourceTree = "<group>"; };
		F53520932015D439004455F9 /* Assets.xcassets */ = {isa = PBXFileReference; lastKnownFileType = folder.assetcatalog; path = Assets.xcassets; sourceTree = "<group>"; };
		F53520962015D439004455F9 /* Base */ = {isa = PBXFileReference; lastKnownFileType = file.storyboard; name = Base; path = Base.lproj/LaunchScreen.storyboard; sourceTree = "<group>"; };
		F53520982015D439004455F9 /* Info.plist */ = {isa = PBXFileReference; lastKnownFileType = text.plist.xml; path = Info.plist; sourceTree = "<group>"; };
		F535209E2015DB3D004455F9 /* fat.png */ = {isa = PBXFileReference; lastKnownFileType = image.png; path = fat.png; sourceTree = "<group>"; };
		F535209F2015DB3D004455F9 /* middle.png */ = {isa = PBXFileReference; lastKnownFileType = image.png; path = middle.png; sourceTree = "<group>"; };
		F53520A02015DB3D004455F9 /* thin.png */ = {isa = PBXFileReference; lastKnownFileType = image.png; path = thin.png; sourceTree = "<group>"; };
/* End PBXFileReference section */

/* Begin PBXFrameworksBuildPhase section */
		F53520862015D439004455F9 /* Frameworks */ = {
			isa = PBXFrameworksBuildPhase;
			buildActionMask = 2147483647;
			files = (
			);
			runOnlyForDeploymentPostprocessing = 0;
		};
/* End PBXFrameworksBuildPhase section */

/* Begin PBXGroup section */
		F53520802015D439004455F9 = {
			isa = PBXGroup;
			children = (
				F535208B2015D439004455F9 /* ios_practice */,
				F535208A2015D439004455F9 /* Products */,
			);
			sourceTree = "<group>";
		};
		F535208A2015D439004455F9 /* Products */ = {
			isa = PBXGroup;
			children = (
				F53520892015D439004455F9 /* ios_practice.app */,
			);
			name = Products;
			sourceTree = "<group>";
		};
		F535208B2015D439004455F9 /* ios_practice */ = {
			isa = PBXGroup;
			children = (
				F535208C2015D439004455F9 /* AppDelegate.swift */,
				F535208E2015D439004455F9 /* ViewController.swift */,
				F53520902015D439004455F9 /* Main.storyboard */,
				F53520932015D439004455F9 /* Assets.xcassets */,
				F535209E2015DB3D004455F9 /* fat.png */,
				F535209F2015DB3D004455F9 /* middle.png */,
				F53520A02015DB3D004455F9 /* thin.png */,
				F53520952015D439004455F9 /* LaunchScreen.storyboard */,
				F53520982015D439004455F9 /* Info.plist */,
			);
			path = ios_practice;
			sourceTree = "<group>";
		};
/* End PBXGroup section */

/* Begin PBXNativeTarget section */
		F53520882015D439004455F9 /* ios_practice */ = {
			isa = PBXNativeTarget;
			buildConfigurationList = F535209B2015D439004455F9 /* Build configuration list for PBXNativeTarget "ios_practice" */;
			buildPhases = (
				F53520852015D439004455F9 /* Sources */,
				F53520862015D439004455F9 /* Frameworks */,
				F53520872015D439004455F9 /* Resources */,
			);
			buildRules = (
			);
			dependencies = (
			);
			name = ios_practice;
			productName = ios_practice;
			productReference = F53520892015D439004455F9 /* ios_practice.app */;
			productType = "com.apple.product-type.application";
		};
/* End PBXNativeTarget section */

/* Begin PBXProject section */
		F53520812015D439004455F9 /* Project object */ = {
			isa = PBXProject;
			attributes = {
				LastSwiftUpdateCheck = 0910;
				LastUpgradeCheck = 0910;
				ORGANIZATIONNAME = "徐陞瑋";
				TargetAttributes = {
					F53520882015D439004455F9 = {
						CreatedOnToolsVersion = 9.1;
						ProvisioningStyle = Automatic;
					};
				};
			};
			buildConfigurationList = F53520842015D439004455F9 /* Build configuration list for PBXProject "ios_practice" */;
			compatibilityVersion = "Xcode 8.0";
			developmentRegion = en;
			hasScannedForEncodings = 0;
			knownRegions = (
				en,
				Base,
			);
			mainGroup = F53520802015D439004455F9;
			productRefGroup = F535208A2015D439004455F9 /* Products */;
			projectDirPath = "";
			projectRoot = "";
			targets = (
				F53520882015D439004455F9 /* ios_practice */,
			);
		};
/* End PBXProject section */

/* Begin PBXResourcesBuildPhase section */
		F53520872015D439004455F9 /* Resources */ = {
			isa = PBXResourcesBuildPhase;
			buildActionMask = 2147483647;
			files = (
				F53520972015D439004455F9 /* LaunchScreen.storyboard in Resources */,
				F53520A22015DB3E004455F9 /* middle.png in Resources */,
				F53520A32015DB3E004455F9 /* thin.png in Resources */,
				F53520A12015DB3E004455F9 /* fat.png in Resources */,
				F53520942015D439004455F9 /* Assets.xcassets in Resources */,
				F53520922015D439004455F9 /* Main.storyboard in Resources */,
			);
			runOnlyForDeploymentPostprocessing = 0;
		};
/* End PBXResourcesBuildPhase section */

/* Begin PBXSourcesBuildPhase section */
		F53520852015D439004455F9 /* Sources */ = {
			isa = PBXSourcesBuildPhase;
			buildActionMask = 2147483647;
			files = (
				F535208F2015D439004455F9 /* ViewController.swift in Sources */,
				F535208D2015D439004455F9 /* AppDelegate.swift in Sources */,
			);
			runOnlyForDeploymentPostprocessing = 0;
		};
/* End PBXSourcesBuildPhase section */

/* Begin PBXVariantGroup section */
		F53520902015D439004455F9 /* Main.storyboard */ = {
			isa = PBXVariantGroup;
			children = (
				F53520912015D439004455F9 /* Base */,
			);
			name = Main.storyboard;
			sourceTree = "<group>";
		};
		F53520952015D439004455F9 /* LaunchScreen.storyboard */ = {
			isa = PBXVariantGroup;
			children = (
				F53520962015D439004455F9 /* Base */,
			);
			name = LaunchScreen.storyboard;
			sourceTree = "<group>";
		};
/* End PBXVariantGroup section */

/* Begin XCBuildConfiguration section */
		F53520992015D439004455F9 /* Debug */ = {
			isa = XCBuildConfiguration;
			buildSettings = {
				ALWAYS_SEARCH_USER_PATHS = NO;
				CLANG_ANALYZER_NONNULL = YES;
				CLANG_ANALYZER_NUMBER_OBJECT_CONVERSION = YES_AGGRESSIVE;
				CLANG_CXX_LANGUAGE_STANDARD = "gnu++14";
				CLANG_CXX_LIBRARY = "libc++";
				CLANG_ENABLE_MODULES = YES;
				CLANG_ENABLE_OBJC_ARC = YES;
				CLANG_WARN_BLOCK_CAPTURE_AUTORELEASING = YES;
				CLANG_WARN_BOOL_CONVERSION = YES;
				CLANG_WARN_COMMA = YES;
				CLANG_WARN_CONSTANT_CONVERSION = YES;
				CLANG_WARN_DIRECT_OBJC_ISA_USAGE = YES_ERROR;
				CLANG_WARN_DOCUMENTATION_COMMENTS = YES;
				CLANG_WARN_EMPTY_BODY = YES;
				CLANG_WARN_ENUM_CONVERSION = YES;
				CLANG_WARN_INFINITE_RECURSION = YES;
				CLANG_WARN_INT_CONVERSION = YES;
				CLANG_WARN_NON_LITERAL_NULL_CONVERSION = YES;
				CLANG_WARN_OBJC_LITERAL_CONVERSION = YES;
				CLANG_WARN_OBJC_ROOT_CLASS = YES_ERROR;
				CLANG_WARN_RANGE_LOOP_ANALYSIS = YES;
				CLANG_WARN_STRICT_PROTOTYPES = YES;
				CLANG_WARN_SUSPICIOUS_MOVE = YES;
				CLANG_WARN_UNGUARDED_AVAILABILITY = YES_AGGRESSIVE;
				CLANG_WARN_UNREACHABLE_CODE = YES;
				CLANG_WARN__DUPLICATE_METHOD_MATCH = YES;
				CODE_SIGN_IDENTITY = "iPhone Developer";
				COPY_PHASE_STRIP = NO;
				DEBUG_INFORMATION_FORMAT = dwarf;
				ENABLE_STRICT_OBJC_MSGSEND = YES;
				ENABLE_TESTABILITY = YES;
				GCC_C_LANGUAGE_STANDARD = gnu11;
				GCC_DYNAMIC_NO_PIC = NO;
				GCC_NO_COMMON_BLOCKS = YES;
				GCC_OPTIMIZATION_LEVEL = 0;
				GCC_PREPROCESSOR_DEFINITIONS = (
					"DEBUG=1",
					"$(inherited)",
				);
				GCC_WARN_64_TO_32_BIT_CONVERSION = YES;
				GCC_WARN_ABOUT_RETURN_TYPE = YES_ERROR;
				GCC_WARN_UNDECLARED_SELECTOR = YES;
				GCC_WARN_UNINITIALIZED_AUTOS = YES_AGGRESSIVE;
				GCC_WARN_UNUSED_FUNCTION = YES;
				GCC_WARN_UNUSED_VARIABLE = YES;
				IPHONEOS_DEPLOYMENT_TARGET = 11.1;
				MTL_ENABLE_DEBUG_INFO = YES;
				ONLY_ACTIVE_ARCH = YES;
				SDKROOT = iphoneos;
				SWIFT_ACTIVE_COMPILATION_CONDITIONS = DEBUG;
				SWIFT_OPTIMIZATION_LEVEL = "-Onone";
			};
			name = Debug;
		};
		F535209A2015D439004455F9 /* Release */ = {
			isa = XCBuildConfiguration;
			buildSettings = {
				ALWAYS_SEARCH_USER_PATHS = NO;
				CLANG_ANALYZER_NONNULL = YES;
				CLANG_ANALYZER_NUMBER_OBJECT_CONVERSION = YES_AGGRESSIVE;
				CLANG_CXX_LANGUAGE_STANDARD = "gnu++14";
				CLANG_CXX_LIBRARY = "libc++";
				CLANG_ENABLE_MODULES = YES;
				CLANG_ENABLE_OBJC_ARC = YES;
				CLANG_WARN_BLOCK_CAPTURE_AUTORELEASING = YES;
				CLANG_WARN_BOOL_CONVERSION = YES;
				CLANG_WARN_COMMA = YES;
				CLANG_WARN_CONSTANT_CONVERSION = YES;
				CLANG_WARN_DIRECT_OBJC_ISA_USAGE = YES_ERROR;
				CLANG_WARN_DOCUMENTATION_COMMENTS = YES;
				CLANG_WARN_EMPTY_BODY = YES;
				CLANG_WARN_ENUM_CONVERSION = YES;
				CLANG_WARN_INFINITE_RECURSION = YES;
				CLANG_WARN_INT_CONVERSION = YES;
				CLANG_WARN_NON_LITERAL_NULL_CONVERSION = YES;
				CLANG_WARN_OBJC_LITERAL_CONVERSION = YES;
				CLANG_WARN_OBJC_ROOT_CLASS = YES_ERROR;
				CLANG_WARN_RANGE_LOOP_ANALYSIS = YES;
				CLANG_WARN_STRICT_PROTOTYPES = YES;
				CLANG_WARN_SUSPICIOUS_MOVE = YES;
				CLANG_WARN_UNGUARDED_AVAILABILITY = YES_AGGRESSIVE;
				CLANG_WARN_UNREACHABLE_CODE = YES;
				CLANG_WARN__DUPLICATE_METHOD_MATCH = YES;
				CODE_SIGN_IDENTITY = "iPhone Developer";
				COPY_PHASE_STRIP = NO;
				DEBUG_INFORMATION_FORMAT = "dwarf-with-dsym";
				ENABLE_NS_ASSERTIONS = NO;
				ENABLE_STRICT_OBJC_MSGSEND = YES;
				GCC_C_LANGUAGE_STANDARD = gnu11;
				GCC_NO_COMMON_BLOCKS = YES;
				GCC_WARN_64_TO_32_BIT_CONVERSION = YES;
				GCC_WARN_ABOUT_RETURN_TYPE = YES_ERROR;
				GCC_WARN_UNDECLARED_SELECTOR = YES;
				GCC_WARN_UNINITIALIZED_AUTOS = YES_AGGRESSIVE;
				GCC_WARN_UNUSED_FUNCTION = YES;
				GCC_WARN_UNUSED_VARIABLE = YES;
				IPHONEOS_DEPLOYMENT_TARGET = 11.1;
				MTL_ENABLE_DEBUG_INFO = NO;
				SDKROOT = iphoneos;
				SWIFT_OPTIMIZATION_LEVEL = "-Owholemodule";
				VALIDATE_PRODUCT = YES;
			};
			name = Release;
		};
		F535209C2015D439004455F9 /* Debug */ = {
			isa = XCBuildConfiguration;
			buildSettings = {
				ASSETCATALOG_COMPILER_APPICON_NAME = AppIcon;
				CODE_SIGN_STYLE = Automatic;
				INFOPLIST_FILE = ios_practice/Info.plist;
				LD_RUNPATH_SEARCH_PATHS = "$(inherited) @executable_path/Frameworks";
				PRODUCT_BUNDLE_IDENTIFIER = "test.ios-practice";
				PRODUCT_NAME = "$(TARGET_NAME)";
				SWIFT_VERSION = 4.0;
				TARGETED_DEVICE_FAMILY = "1,2";
			};
			name = Debug;
		};
		F535209D2015D439004455F9 /* Release */ = {
			isa = XCBuildConfiguration;
			buildSettings = {
				ASSETCATALOG_COMPILER_APPICON_NAME = AppIcon;
				CODE_SIGN_STYLE = Automatic;
				INFOPLIST_FILE = ios_practice/Info.plist;
				LD_RUNPATH_SEARCH_PATHS = "$(inherited) @executable_path/Frameworks";
				PRODUCT_BUNDLE_IDENTIFIER = "test.ios-practice";
				PRODUCT_NAME = "$(TARGET_NAME)";
				SWIFT_VERSION = 4.0;
				TARGETED_DEVICE_FAMILY = "1,2";
			};
			name = Release;
		};
/* End XCBuildConfiguration section */

/* Begin XCConfigurationList section */
		F53520842015D439004455F9 /* Build configuration list for PBXProject "ios_practice" */ = {
			isa = XCConfigurationList;
			buildConfigurations = (
				F53520992015D439004455F9 /* Debug */,
				F535209A2015D439004455F9 /* Release */,
			);
			defaultConfigurationIsVisible = 0;
			defaultConfigurationName = Release;
		};
		F535209B2015D439004455F9 /* Build configuration list for PBXNativeTarget "ios_practice" */ = {
			isa = XCConfigurationList;
			buildConfigurations = (
				F535209C2015D439004455F9 /* Debug */,
				F535209D2015D439004455F9 /* Release */,
			);
			defaultConfigurationIsVisible = 0;
			defaultConfigurationName = Release;
		};
/* End XCConfigurationList section */
	};
	rootObject = F53520812015D439004455F9 /* Project object */;
}
